
Microsoft Visual Studio Solution File, Format Version 12.00
# Visual Studio Version 16
VisualStudioVersion = 16.0.29721.120
MinimumVisualStudioVersion = 10.0.40219.1
Project("{9A19103F-16F7-4668-BE54-9A1E7A4F7556}") = "Taxi.Common", "Taxi.Common\Taxi.Common.csproj", "{B30FD3B8-15E8-4A4B-A8FF-086AAC9C5B1E}"
EndProject
Project("{9A19103F-16F7-4668-BE54-9A1E7A4F7556}") = "Taxi.Web", "Taxi.Web\Taxi.Web.csproj", "{3F1E50F1-D628-4775-8568-1FF426CDF404}"
EndProject
Project("{9A19103F-16F7-4668-BE54-9A1E7A4F7556}") = "Taxi.Prism", "Taxi.Prism\Taxi.Prism\Taxi.Prism.csproj", "{44386AF9-7B96-4D13-8965-75C960C90451}"
EndProject
Project("{FAE04EC0-301F-11D3-BF4B-00C04F79EFBC}") = "Taxi.Prism.Android", "Taxi.Prism\Taxi.Prism.Android\Taxi.Prism.Android.csproj", "{448E8622-03E0-4813-A938-5A952D3C52B7}"
EndProject
Project("{FAE04EC0-301F-11D3-BF4B-00C04F79EFBC}") = "Taxi.Prism.iOS", "Taxi.Prism\Taxi.Prism.iOS\Taxi.Prism.iOS.csproj", "{7CC990BF-B3B6-44D9-90F2-1E6D5995913A}"
EndProject
Project("{FAE04EC0-301F-11D3-BF4B-00C04F79EFBC}") = "Taxi.Cross.Android", "Taxi.Cross.Android\Taxi.Cross.Android.csproj", "{91ED32E6-D284-4905-9B19-129A4119FCBF}"
EndProject
Project("{FAE04EC0-301F-11D3-BF4B-00C04F79EFBC}") = "Taxi.Cross.iOS", "Taxi.Cross.iOS\Taxi.Cross.iOS.csproj", "{A592BAB2-FF57-49CB-A434-1B565EC56FB1}"
EndProject
Global
	GlobalSection(SolutionConfigurationPlatforms) = preSolution
		Ad-Hoc|Any CPU = Ad-Hoc|Any CPU
		Ad-Hoc|iPhone = Ad-Hoc|iPhone
		Ad-Hoc|iPhoneSimulator = Ad-Hoc|iPhoneSimulator
		AppStore|Any CPU = AppStore|Any CPU
		AppStore|iPhone = AppStore|iPhone
		AppStore|iPhoneSimulator = AppStore|iPhoneSimulator
		Debug|Any CPU = Debug|Any CPU
		Debug|iPhone = Debug|iPhone
		Debug|iPhoneSimulator = Debug|iPhoneSimulator
		Release|Any CPU = Release|Any CPU
		Release|iPhone = Release|iPhone
		Release|iPhoneSimulator = Release|iPhoneSimulator
	EndGlobalSection
	GlobalSection(ProjectConfigurationPlatforms) = postSolution
		{B30FD3B8-15E8-4A4B-A8FF-086AAC9C5B1E}.Ad-Hoc|Any CPU.ActiveCfg = Release|Any CPU
		{B30FD3B8-15E8-4A4B-A8FF-086AAC9C5B1E}.Ad-Hoc|Any CPU.Build.0 = Release|Any CPU
		{B30FD3B8-15E8-4A4B-A8FF-086AAC9C5B1E}.Ad-Hoc|iPhone.ActiveCfg = Release|Any CPU
		{B30FD3B8-15E8-4A4B-A8FF-086AAC9C5B1E}.Ad-Hoc|iPhone.Build.0 = Release|Any CPU
		{B30FD3B8-15E8-4A4B-A8FF-086AAC9C5B1E}.Ad-Hoc|iPhoneSimulator.ActiveCfg = Release|Any CPU
		{B30FD3B8-15E8-4A4B-A8FF-086AAC9C5B1E}.Ad-Hoc|iPhoneSimulator.Build.0 = Release|Any CPU
		{B30FD3B8-15E8-4A4B-A8FF-086AAC9C5B1E}.AppStore|Any CPU.ActiveCfg = Release|Any CPU
		{B30FD3B8-15E8-4A4B-A8FF-086AAC9C5B1E}.AppStore|Any CPU.Build.0 = Release|Any CPU
		{B30FD3B8-15E8-4A4B-A8FF-086AAC9C5B1E}.AppStore|iPhone.ActiveCfg = Release|Any CPU
		{B30FD3B8-15E8-4A4B-A8FF-086AAC9C5B1E}.AppStore|iPhone.Build.0 = Release|Any CPU
		{B30FD3B8-15E8-4A4B-A8FF-086AAC9C5B1E}.AppStore|iPhoneSimulator.ActiveCfg = Release|Any CPU
		{B30FD3B8-15E8-4A4B-A8FF-086AAC9C5B1E}.AppStore|iPhoneSimulator.Build.0 = Release|Any CPU
		{B30FD3B8-15E8-4A4B-A8FF-086AAC9C5B1E}.Debug|Any CPU.ActiveCfg = Debug|Any CPU
		{B30FD3B8-15E8-4A4B-A8FF-086AAC9C5B1E}.Debug|Any CPU.Build.0 = Debug|Any CPU
		{B30FD3B8-15E8-4A4B-A8FF-086AAC9C5B1E}.Debug|iPhone.ActiveCfg = Debug|Any CPU
		{B30FD3B8-15E8-4A4B-A8FF-086AAC9C5B1E}.Debug|iPhone.Build.0 = Debug|Any CPU
		{B30FD3B8-15E8-4A4B-A8FF-086AAC9C5B1E}.Debug|iPhoneSimulator.ActiveCfg = Debug|Any CPU
		{B30FD3B8-15E8-4A4B-A8FF-086AAC9C5B1E}.Debug|iPhoneSimulator.Build.0 = Debug|Any CPU
		{B30FD3B8-15E8-4A4B-A8FF-086AAC9C5B1E}.Release|Any CPU.ActiveCfg = Release|Any CPU
		{B30FD3B8-15E8-4A4B-A8FF-086AAC9C5B1E}.Release|Any CPU.Build.0 = Release|Any CPU
		{B30FD3B8-15E8-4A4B-A8FF-086AAC9C5B1E}.Release|iPhone.ActiveCfg = Release|Any CPU
		{B30FD3B8-15E8-4A4B-A8FF-086AAC9C5B1E}.Release|iPhone.Build.0 = Release|Any CPU
		{B30FD3B8-15E8-4A4B-A8FF-086AAC9C5B1E}.Release|iPhoneSimulator.ActiveCfg = Release|Any CPU
		{B30FD3B8-15E8-4A4B-A8FF-086AAC9C5B1E}.Release|iPhoneSimulator.Build.0 = Release|Any CPU
		{3F1E50F1-D628-4775-8568-1FF426CDF404}.Ad-Hoc|Any CPU.ActiveCfg = Release|Any CPU
		{3F1E50F1-D628-4775-8568-1FF426CDF404}.Ad-Hoc|Any CPU.Build.0 = Release|Any CPU
		{3F1E50F1-D628-4775-8568-1FF426CDF404}.Ad-Hoc|iPhone.ActiveCfg = Release|Any CPU
		{3F1E50F1-D628-4775-8568-1FF426CDF404}.Ad-Hoc|iPhone.Build.0 = Release|Any CPU
		{3F1E50F1-D628-4775-8568-1FF426CDF404}.Ad-Hoc|iPhoneSimulator.ActiveCfg = Release|Any CPU
		{3F1E50F1-D628-4775-8568-1FF426CDF404}.Ad-Hoc|iPhoneSimulator.Build.0 = Release|Any CPU
		{3F1E50F1-D628-4775-8568-1FF426CDF404}.AppStore|Any CPU.ActiveCfg = Release|Any CPU
		{3F1E50F1-D628-4775-8568-1FF426CDF404}.AppStore|Any CPU.Build.0 = Release|Any CPU
		{3F1E50F1-D628-4775-8568-1FF426CDF404}.AppStore|iPhone.ActiveCfg = Release|Any CPU
		{3F1E50F1-D628-4775-8568-1FF426CDF404}.AppStore|iPhone.Build.0 = Release|Any CPU
		{3F1E50F1-D628-4775-8568-1FF426CDF404}.AppStore|iPhoneSimulator.ActiveCfg = Release|Any CPU
		{3F1E50F1-D628-4775-8568-1FF426CDF404}.AppStore|iPhoneSimulator.Build.0 = Release|Any CPU
		{3F1E50F1-D628-4775-8568-1FF426CDF404}.Debug|Any CPU.ActiveCfg = Debug|Any CPU
		{3F1E50F1-D628-4775-8568-1FF426CDF404}.Debug|Any CPU.Build.0 = Debug|Any CPU
		{3F1E50F1-D628-4775-8568-1FF426CDF404}.Debug|iPhone.ActiveCfg = Debug|Any CPU
		{3F1E50F1-D628-4775-8568-1FF426CDF404}.Debug|iPhone.Build.0 = Debug|Any CPU
		{3F1E50F1-D628-4775-8568-1FF426CDF404}.Debug|iPhoneSimulator.ActiveCfg = Debug|Any CPU
		{3F1E50F1-D628-4775-8568-1FF426CDF404}.Debug|iPhoneSimulator.Build.0 = Debug|Any CPU
		{3F1E50F1-D628-4775-8568-1FF426CDF404}.Release|Any CPU.ActiveCfg = Release|Any CPU
		{3F1E50F1-D628-4775-8568-1FF426CDF404}.Release|Any CPU.Build.0 = Release|Any CPU
		{3F1E50F1-D628-4775-8568-1FF426CDF404}.Release|iPhone.ActiveCfg = Release|Any CPU
		{3F1E50F1-D628-4775-8568-1FF426CDF404}.Release|iPhone.Build.0 = Release|Any CPU
		{3F1E50F1-D628-4775-8568-1FF426CDF404}.Release|iPhoneSimulator.ActiveCfg = Release|Any CPU
		{3F1E50F1-D628-4775-8568-1FF426CDF404}.Release|iPhoneSimulator.Build.0 = Release|Any CPU
		{44386AF9-7B96-4D13-8965-75C960C90451}.Ad-Hoc|Any CPU.ActiveCfg = Debug|Any CPU
		{44386AF9-7B96-4D13-8965-75C960C90451}.Ad-Hoc|Any CPU.Build.0 = Debug|Any CPU
		{44386AF9-7B96-4D13-8965-75C960C90451}.Ad-Hoc|iPhone.ActiveCfg = Debug|Any CPU
		{44386AF9-7B96-4D13-8965-75C960C90451}.Ad-Hoc|iPhone.Build.0 = Debug|Any CPU
		{44386AF9-7B96-4D13-8965-75C960C90451}.Ad-Hoc|iPhoneSimulator.ActiveCfg = Debug|Any CPU
		{44386AF9-7B96-4D13-8965-75C960C90451}.Ad-Hoc|iPhoneSimulator.Build.0 = Debug|Any CPU
		{44386AF9-7B96-4D13-8965-75C960C90451}.AppStore|Any CPU.ActiveCfg = Debug|Any CPU
		{44386AF9-7B96-4D13-8965-75C960C90451}.AppStore|Any CPU.Build.0 = Debug|Any CPU
		{44386AF9-7B96-4D13-8965-75C960C90451}.AppStore|iPhone.ActiveCfg = Debug|Any CPU
		{44386AF9-7B96-4D13-8965-75C960C90451}.AppStore|iPhone.Build.0 = Debug|Any CPU
		{44386AF9-7B96-4D13-8965-75C960C90451}.AppStore|iPhoneSimulator.ActiveCfg = Debug|Any CPU
		{44386AF9-7B96-4D13-8965-75C960C90451}.AppStore|iPhoneSimulator.Build.0 = Debug|Any CPU
		{44386AF9-7B96-4D13-8965-75C960C90451}.Debug|Any CPU.ActiveCfg = Debug|Any CPU
		{44386AF9-7B96-4D13-8965-75C960C90451}.Debug|Any CPU.Build.0 = Debug|Any CPU
		{44386AF9-7B96-4D13-8965-75C960C90451}.Debug|iPhone.ActiveCfg = Debug|Any CPU
		{44386AF9-7B96-4D13-8965-75C960C90451}.Debug|iPhone.Build.0 = Debug|Any CPU
		{44386AF9-7B96-4D13-8965-75C960C90451}.Debug|iPhoneSimulator.ActiveCfg = Debug|Any CPU
		{44386AF9-7B96-4D13-8965-75C960C90451}.Debug|iPhoneSimulator.Build.0 = Debug|Any CPU
		{44386AF9-7B96-4D13-8965-75C960C90451}.Release|Any CPU.ActiveCfg = Release|Any CPU
		{44386AF9-7B96-4D13-8965-75C960C90451}.Release|Any CPU.Build.0 = Release|Any CPU
		{44386AF9-7B96-4D13-8965-75C960C90451}.Release|iPhone.ActiveCfg = Release|Any CPU
		{44386AF9-7B96-4D13-8965-75C960C90451}.Release|iPhone.Build.0 = Release|Any CPU
		{44386AF9-7B96-4D13-8965-75C960C90451}.Release|iPhoneSimulator.ActiveCfg = Release|Any CPU
		{44386AF9-7B96-4D13-8965-75C960C90451}.Release|iPhoneSimulator.Build.0 = Release|Any CPU
		{448E8622-03E0-4813-A938-5A952D3C52B7}.Ad-Hoc|Any CPU.ActiveCfg = Release|Any CPU
		{448E8622-03E0-4813-A938-5A952D3C52B7}.Ad-Hoc|Any CPU.Build.0 = Release|Any CPU
		{448E8622-03E0-4813-A938-5A952D3C52B7}.Ad-Hoc|Any CPU.Deploy.0 = Release|Any CPU
		{448E8622-03E0-4813-A938-5A952D3C52B7}.Ad-Hoc|iPhone.ActiveCfg = Release|Any CPU
		{448E8622-03E0-4813-A938-5A952D3C52B7}.Ad-Hoc|iPhone.Build.0 = Release|Any CPU
		{448E8622-03E0-4813-A938-5A952D3C52B7}.Ad-Hoc|iPhone.Deploy.0 = Release|Any CPU
		{448E8622-03E0-4813-A938-5A952D3C52B7}.Ad-Hoc|iPhoneSimulator.ActiveCfg = Release|Any CPU
		{448E8622-03E0-4813-A938-5A952D3C52B7}.Ad-Hoc|iPhoneSimulator.Build.0 = Release|Any CPU
		{448E8622-03E0-4813-A938-5A952D3C52B7}.Ad-Hoc|iPhoneSimulator.Deploy.0 = Release|Any CPU
		{448E8622-03E0-4813-A938-5A952D3C52B7}.AppStore|Any CPU.ActiveCfg = Release|Any CPU
		{448E8622-03E0-4813-A938-5A952D3C52B7}.AppStore|Any CPU.Build.0 = Release|Any CPU
		{448E8622-03E0-4813-A938-5A952D3C52B7}.AppStore|Any CPU.Deploy.0 = Release|Any CPU
		{448E8622-03E0-4813-A938-5A952D3C52B7}.AppStore|iPhone.ActiveCfg = Release|Any CPU
		{448E8622-03E0-4813-A938-5A952D3C52B7}.AppStore|iPhone.Build.0 = Release|Any CPU
		{448E8622-03E0-4813-A938-5A952D3C52B7}.AppStore|iPhone.Deploy.0 = Release|Any CPU
		{448E8622-03E0-4813-A938-5A952D3C52B7}.AppStore|iPhoneSimulator.ActiveCfg = Release|Any CPU
		{448E8622-03E0-4813-A938-5A952D3C52B7}.AppStore|iPhoneSimulator.Build.0 = Release|Any CPU
		{448E8622-03E0-4813-A938-5A952D3C52B7}.AppStore|iPhoneSimulator.Deploy.0 = Release|Any CPU
		{448E8622-03E0-4813-A938-5A952D3C52B7}.Debug|Any CPU.ActiveCfg = Debug|Any CPU
		{448E8622-03E0-4813-A938-5A952D3C52B7}.Debug|Any CPU.Build.0 = Debug|Any CPU
		{448E8622-03E0-4813-A938-5A952D3C52B7}.Debug|Any CPU.Deploy.0 = Debug|Any CPU
		{448E8622-03E0-4813-A938-5A952D3C52B7}.Debug|iPhone.ActiveCfg = Debug|Any CPU
		{448E8622-03E0-4813-A938-5A952D3C52B7}.Debug|iPhone.Build.0 = Debug|Any CPU
		{448E8622-03E0-4813-A938-5A952D3C52B7}.Debug|iPhone.Deploy.0 = Debug|Any CPU
		{448E8622-03E0-4813-A938-5A952D3C52B7}.Debug|iPhoneSimulator.ActiveCfg = Debug|Any CPU
		{448E8622-03E0-4813-A938-5A952D3C52B7}.Debug|iPhoneSimulator.Build.0 = Debug|Any CPU
		{448E8622-03E0-4813-A938-5A952D3C52B7}.Debug|iPhoneSimulator.Deploy.0 = Debug|Any CPU
		{448E8622-03E0-4813-A938-5A952D3C52B7}.Release|Any CPU.ActiveCfg = Release|Any CPU
		{448E8622-03E0-4813-A938-5A952D3C52B7}.Release|Any CPU.Build.0 = Release|Any CPU
		{448E8622-03E0-4813-A938-5A952D3C52B7}.Release|Any CPU.Deploy.0 = Release|Any CPU
		{448E8622-03E0-4813-A938-5A952D3C52B7}.Release|iPhone.ActiveCfg = Release|Any CPU
		{448E8622-03E0-4813-A938-5A952D3C52B7}.Release|iPhone.Build.0 = Release|Any CPU
		{448E8622-03E0-4813-A938-5A952D3C52B7}.Release|iPhone.Deploy.0 = Release|Any CPU
		{448E8622-03E0-4813-A938-5A952D3C52B7}.Release|iPhoneSimulator.ActiveCfg = Release|Any CPU
		{448E8622-03E0-4813-A938-5A952D3C52B7}.Release|iPhoneSimulator.Build.0 = Release|Any CPU
		{448E8622-03E0-4813-A938-5A952D3C52B7}.Release|iPhoneSimulator.Deploy.0 = Release|Any CPU
		{7CC990BF-B3B6-44D9-90F2-1E6D5995913A}.Ad-Hoc|Any CPU.ActiveCfg = Ad-Hoc|iPhone
		{7CC990BF-B3B6-44D9-90F2-1E6D5995913A}.Ad-Hoc|iPhone.ActiveCfg = Ad-Hoc|iPhone
		{7CC990BF-B3B6-44D9-90F2-1E6D5995913A}.Ad-Hoc|iPhone.Build.0 = Ad-Hoc|iPhone
		{7CC990BF-B3B6-44D9-90F2-1E6D5995913A}.Ad-Hoc|iPhoneSimulator.ActiveCfg = Ad-Hoc|iPhoneSimulator
		{7CC990BF-B3B6-44D9-90F2-1E6D5995913A}.Ad-Hoc|iPhoneSimulator.Build.0 = Ad-Hoc|iPhoneSimulator
		{7CC990BF-B3B6-44D9-90F2-1E6D5995913A}.AppStore|Any CPU.ActiveCfg = AppStore|iPhone
		{7CC990BF-B3B6-44D9-90F2-1E6D5995913A}.AppStore|iPhone.ActiveCfg = AppStore|iPhone
		{7CC990BF-B3B6-44D9-90F2-1E6D5995913A}.AppStore|iPhone.Build.0 = AppStore|iPhone
		{7CC990BF-B3B6-44D9-90F2-1E6D5995913A}.AppStore|iPhoneSimulator.ActiveCfg = AppStore|iPhoneSimulator
		{7CC990BF-B3B6-44D9-90F2-1E6D5995913A}.AppStore|iPhoneSimulator.Build.0 = AppStore|iPhoneSimulator
		{7CC990BF-B3B6-44D9-90F2-1E6D5995913A}.Debug|Any CPU.ActiveCfg = Debug|iPhone
		{7CC990BF-B3B6-44D9-90F2-1E6D5995913A}.Debug|iPhone.ActiveCfg = Debug|iPhone
		{7CC990BF-B3B6-44D9-90F2-1E6D5995913A}.Debug|iPhone.Build.0 = Debug|iPhone
		{7CC990BF-B3B6-44D9-90F2-1E6D5995913A}.Debug|iPhoneSimulator.ActiveCfg = Debug|iPhoneSimulator
		{7CC990BF-B3B6-44D9-90F2-1E6D5995913A}.Debug|iPhoneSimulator.Build.0 = Debug|iPhoneSimulator
		{7CC990BF-B3B6-44D9-90F2-1E6D5995913A}.Release|Any CPU.ActiveCfg = Release|iPhone
		{7CC990BF-B3B6-44D9-90F2-1E6D5995913A}.Release|iPhone.ActiveCfg = Release|iPhone
		{7CC990BF-B3B6-44D9-90F2-1E6D5995913A}.Release|iPhone.Build.0 = Release|iPhone
		{7CC990BF-B3B6-44D9-90F2-1E6D5995913A}.Release|iPhoneSimulator.ActiveCfg = Release|iPhoneSimulator
		{7CC990BF-B3B6-44D9-90F2-1E6D5995913A}.Release|iPhoneSimulator.Build.0 = Release|iPhoneSimulator
		{91ED32E6-D284-4905-9B19-129A4119FCBF}.Ad-Hoc|Any CPU.ActiveCfg = Release|Any CPU
		{91ED32E6-D284-4905-9B19-129A4119FCBF}.Ad-Hoc|Any CPU.Build.0 = Release|Any CPU
		{91ED32E6-D284-4905-9B19-129A4119FCBF}.Ad-Hoc|Any CPU.Deploy.0 = Release|Any CPU
		{91ED32E6-D284-4905-9B19-129A4119FCBF}.Ad-Hoc|iPhone.ActiveCfg = Release|Any CPU
		{91ED32E6-D284-4905-9B19-129A4119FCBF}.Ad-Hoc|iPhone.Build.0 = Release|Any CPU
		{91ED32E6-D284-4905-9B19-129A4119FCBF}.Ad-Hoc|iPhone.Deploy.0 = Release|Any CPU
		{91ED32E6-D284-4905-9B19-129A4119FCBF}.Ad-Hoc|iPhoneSimulator.ActiveCfg = Release|Any CPU
		{91ED32E6-D284-4905-9B19-129A4119FCBF}.Ad-Hoc|iPhoneSimulator.Build.0 = Release|Any CPU
		{91ED32E6-D284-4905-9B19-129A4119FCBF}.Ad-Hoc|iPhoneSimulator.Deploy.0 = Release|Any CPU
		{91ED32E6-D284-4905-9B19-129A4119FCBF}.AppStore|Any CPU.ActiveCfg = Release|Any CPU
		{91ED32E6-D284-4905-9B19-129A4119FCBF}.AppStore|Any CPU.Build.0 = Release|Any CPU
		{91ED32E6-D284-4905-9B19-129A4119FCBF}.AppStore|Any CPU.Deploy.0 = Release|Any CPU
		{91ED32E6-D284-4905-9B19-129A4119FCBF}.AppStore|iPhone.ActiveCfg = Release|Any CPU
		{91ED32E6-D284-4905-9B19-129A4119FCBF}.AppStore|iPhone.Build.0 = Release|Any CPU
		{91ED32E6-D284-4905-9B19-129A4119FCBF}.AppStore|iPhone.Deploy.0 = Release|Any CPU
		{91ED32E6-D284-4905-9B19-129A4119FCBF}.AppStore|iPhoneSimulator.ActiveCfg = Release|Any CPU
		{91ED32E6-D284-4905-9B19-129A4119FCBF}.AppStore|iPhoneSimulator.Build.0 = Release|Any CPU
		{91ED32E6-D284-4905-9B19-129A4119FCBF}.AppStore|iPhoneSimulator.Deploy.0 = Release|Any CPU
		{91ED32E6-D284-4905-9B19-129A4119FCBF}.Debug|Any CPU.ActiveCfg = Debug|Any CPU
		{91ED32E6-D284-4905-9B19-129A4119FCBF}.Debug|Any CPU.Build.0 = Debug|Any CPU
		{91ED32E6-D284-4905-9B19-129A4119FCBF}.Debug|Any CPU.Deploy.0 = Debug|Any CPU
		{91ED32E6-D284-4905-9B19-129A4119FCBF}.Debug|iPhone.ActiveCfg = Debug|Any CPU
		{91ED32E6-D284-4905-9B19-129A4119FCBF}.Debug|iPhone.Build.0 = Debug|Any CPU
		{91ED32E6-D284-4905-9B19-129A4119FCBF}.Debug|iPhone.Deploy.0 = Debug|Any CPU
		{91ED32E6-D284-4905-9B19-129A4119FCBF}.Debug|iPhoneSimulator.ActiveCfg = Debug|Any CPU
		{91ED32E6-D284-4905-9B19-129A4119FCBF}.Debug|iPhoneSimulator.Build.0 = Debug|Any CPU
		{91ED32E6-D284-4905-9B19-129A4119FCBF}.Debug|iPhoneSimulator.Deploy.0 = Debug|Any CPU
		{91ED32E6-D284-4905-9B19-129A4119FCBF}.Release|Any CPU.ActiveCfg = Release|Any CPU
		{91ED32E6-D284-4905-9B19-129A4119FCBF}.Release|Any CPU.Build.0 = Release|Any CPU
		{91ED32E6-D284-4905-9B19-129A4119FCBF}.Release|Any CPU.Deploy.0 = Release|Any CPU
		{91ED32E6-D284-4905-9B19-129A4119FCBF}.Release|iPhone.ActiveCfg = Release|Any CPU
		{91ED32E6-D284-4905-9B19-129A4119FCBF}.Release|iPhone.Build.0 = Release|Any CPU
		{91ED32E6-D284-4905-9B19-129A4119FCBF}.Release|iPhone.Deploy.0 = Release|Any CPU
		{91ED32E6-D284-4905-9B19-129A4119FCBF}.Release|iPhoneSimulator.ActiveCfg = Release|Any CPU
		{91ED32E6-D284-4905-9B19-129A4119FCBF}.Release|iPhoneSimulator.Build.0 = Release|Any CPU
		{91ED32E6-D284-4905-9B19-129A4119FCBF}.Release|iPhoneSimulator.Deploy.0 = Release|Any CPU
		{A592BAB2-FF57-49CB-A434-1B565EC56FB1}.Ad-Hoc|Any CPU.ActiveCfg = Release|iPhone
		{A592BAB2-FF57-49CB-A434-1B565EC56FB1}.Ad-Hoc|Any CPU.Build.0 = Release|iPhone
		{A592BAB2-FF57-49CB-A434-1B565EC56FB1}.Ad-Hoc|iPhone.ActiveCfg = Release|iPhone
		{A592BAB2-FF57-49CB-A434-1B565EC56FB1}.Ad-Hoc|iPhone.Build.0 = Release|iPhone
		{A592BAB2-FF57-49CB-A434-1B565EC56FB1}.Ad-Hoc|iPhoneSimulator.ActiveCfg = Release|iPhoneSimulator
		{A592BAB2-FF57-49CB-A434-1B565EC56FB1}.Ad-Hoc|iPhoneSimulator.Build.0 = Release|iPhoneSimulator
		{A592BAB2-FF57-49CB-A434-1B565EC56FB1}.AppStore|Any CPU.ActiveCfg = Release|iPhone
		{A592BAB2-FF57-49CB-A434-1B565EC56FB1}.AppStore|Any CPU.Build.0 = Release|iPhone
		{A592BAB2-FF57-49CB-A434-1B565EC56FB1}.AppStore|iPhone.ActiveCfg = Release|iPhone
		{A592BAB2-FF57-49CB-A434-1B565EC56FB1}.AppStore|iPhone.Build.0 = Release|iPhone
		{A592BAB2-FF57-49CB-A434-1B565EC56FB1}.AppStore|iPhoneSimulator.ActiveCfg = Release|iPhoneSimulator
		{A592BAB2-FF57-49CB-A434-1B565EC56FB1}.AppStore|iPhoneSimulator.Build.0 = Release|iPhoneSimulator
		{A592BAB2-FF57-49CB-A434-1B565EC56FB1}.Debug|Any CPU.ActiveCfg = Debug|iPhone
		{A592BAB2-FF57-49CB-A434-1B565EC56FB1}.Debug|iPhone.ActiveCfg = Debug|iPhone
		{A592BAB2-FF57-49CB-A434-1B565EC56FB1}.Debug|iPhone.Build.0 = Debug|iPhone
		{A592BAB2-FF57-49CB-A434-1B565EC56FB1}.Debug|iPhoneSimulator.ActiveCfg = Debug|iPhoneSimulator
		{A592BAB2-FF57-49CB-A434-1B565EC56FB1}.Debug|iPhoneSimulator.Build.0 = Debug|iPhoneSimulator
		{A592BAB2-FF57-49CB-A434-1B565EC56FB1}.Release|Any CPU.ActiveCfg = Release|iPhone
		{A592BAB2-FF57-49CB-A434-1B565EC56FB1}.Release|iPhone.ActiveCfg = Release|iPhone
		{A592BAB2-FF57-49CB-A434-1B565EC56FB1}.Release|iPhone.Build.0 = Release|iPhone
		{A592BAB2-FF57-49CB-A434-1B565EC56FB1}.Release|iPhoneSimulator.ActiveCfg = Release|iPhoneSimulator
		{A592BAB2-FF57-49CB-A434-1B565EC56FB1}.Release|iPhoneSimulator.Build.0 = Release|iPhoneSimulator
	EndGlobalSection
	GlobalSection(SolutionProperties) = preSolution
		HideSolutionNode = FALSE
	EndGlobalSection
	GlobalSection(ExtensibilityGlobals) = postSolution
		SolutionGuid = {10B04ACB-0135-4C1A-9FEF-A52FC77DF0D0}
	EndGlobalSection
EndGlobal
